# This file is automatically generated by Cobalt Package Manager.
# Do not edit manually.

[[package]]
name = "json"
version = "2.0.1"
checksum = "849b9f03f8bab2e9f66453a97efbdf4dd939df2d7739fb4566b78121869065bd"
source = "registry+https://pkg.cobalt-lang.org"

[[package]]
name = "http"
version = "1.2.0"
checksum = "abf30292627ee45d2b08dee777468f98983d6714c391ff8d8ad6ff39b451cc8c"
source = "registry+https://pkg.cobalt-lang.org"

